// !$*UTF8*$!
{
	archiveVersion = 1;
	classes = {
	};
	objectVersion = 46;
	objects = {

/* Begin PBXBuildFile section */
		6D00D7FD17D0F2F7009DDE24 /* TabBarViewController.m in Sources */ = {isa = PBXBuildFile; fileRef = 6D00D7FC17D0F2F7009DDE24 /* TabBarViewController.m */; };
		6D00D80017D0F384009DDE24 /* GameResultViewController.m in Sources */ = {isa = PBXBuildFile; fileRef = 6D00D7FF17D0F384009DDE24 /* GameResultViewController.m */; };
		6D00D80317D1F7A4009DDE24 /* Heart.png in Resources */ = {isa = PBXBuildFile; fileRef = 6D00D80117D1F7A4009DDE24 /* Heart.png */; };
		6D00D80417D1F7A4009DDE24 /* Score.png in Resources */ = {isa = PBXBuildFile; fileRef = 6D00D80217D1F7A4009DDE24 /* Score.png */; };
		6D4D89A417C12168009D079E /* UIKit.framework in Frameworks */ = {isa = PBXBuildFile; fileRef = 6D4D89A317C12168009D079E /* UIKit.framework */; };
		6D4D89A617C12168009D079E /* Foundation.framework in Frameworks */ = {isa = PBXBuildFile; fileRef = 6D4D89A517C12168009D079E /* Foundation.framework */; };
		6D4D89A817C12168009D079E /* CoreGraphics.framework in Frameworks */ = {isa = PBXBuildFile; fileRef = 6D4D89A717C12168009D079E /* CoreGraphics.framework */; };
		6D4D89AE17C12168009D079E /* InfoPlist.strings in Resources */ = {isa = PBXBuildFile; fileRef = 6D4D89AC17C12168009D079E /* InfoPlist.strings */; };
		6D4D89B017C12168009D079E /* main.m in Sources */ = {isa = PBXBuildFile; fileRef = 6D4D89AF17C12168009D079E /* main.m */; };
		6D4D89B417C12168009D079E /* CardGameAppDelegate.m in Sources */ = {isa = PBXBuildFile; fileRef = 6D4D89B317C12168009D079E /* CardGameAppDelegate.m */; };
		6D4D89B617C12168009D079E /* Default.png in Resources */ = {isa = PBXBuildFile; fileRef = 6D4D89B517C12168009D079E /* Default.png */; };
		6D4D89B817C12168009D079E /* Default@2x.png in Resources */ = {isa = PBXBuildFile; fileRef = 6D4D89B717C12168009D079E /* Default@2x.png */; };
		6D4D89BA17C12168009D079E /* Default-568h@2x.png in Resources */ = {isa = PBXBuildFile; fileRef = 6D4D89B917C12168009D079E /* Default-568h@2x.png */; };
		6D4D89BD17C12168009D079E /* MainStoryboard.storyboard in Resources */ = {isa = PBXBuildFile; fileRef = 6D4D89BB17C12168009D079E /* MainStoryboard.storyboard */; };
		6D4D89C017C12168009D079E /* PokerMatchCardGameViewController.m in Sources */ = {isa = PBXBuildFile; fileRef = 6D4D89BF17C12168009D079E /* PokerMatchCardGameViewController.m */; };
		6D6238D917D259A400E3CB56 /* SetCard.m in Sources */ = {isa = PBXBuildFile; fileRef = 6D6238D817D259A400E3CB56 /* SetCard.m */; };
		6D6238DC17D25A5800E3CB56 /* SetCardDeck.m in Sources */ = {isa = PBXBuildFile; fileRef = 6D6238DB17D25A5800E3CB56 /* SetCardDeck.m */; };
		6D6FD18217D1FE3F004415E9 /* GameResult.m in Sources */ = {isa = PBXBuildFile; fileRef = 6D6FD18117D1FE3F004415E9 /* GameResult.m */; };
		6D9D5EEA17C8D92300066E6E /* Deck.m in Sources */ = {isa = PBXBuildFile; fileRef = 6D9D5EE917C8D92300066E6E /* Deck.m */; };
		6D9D5EF217C8E9B200066E6E /* Card.m in Sources */ = {isa = PBXBuildFile; fileRef = 6D9D5EF117C8E9B200066E6E /* Card.m */; };
		6D9D5EF517C8ED3C00066E6E /* PlayingCard.m in Sources */ = {isa = PBXBuildFile; fileRef = 6D9D5EF417C8ED3C00066E6E /* PlayingCard.m */; };
		6D9D5EF817C8F0D700066E6E /* PlayingCardDeck.m in Sources */ = {isa = PBXBuildFile; fileRef = 6D9D5EF717C8F0D700066E6E /* PlayingCardDeck.m */; };
		6D9D5EFB17C9030500066E6E /* PokerMatchCardGame.m in Sources */ = {isa = PBXBuildFile; fileRef = 6D9D5EFA17C9030500066E6E /* PokerMatchCardGame.m */; };
		6D9D5F1717CA77CB00066E6E /* cardback.jpg in Resources */ = {isa = PBXBuildFile; fileRef = 6D9D5F1617CA77CB00066E6E /* cardback.jpg */; };
		6D9D5F1F17CD01C400066E6E /* SenTestingKit.framework in Frameworks */ = {isa = PBXBuildFile; fileRef = 6D9D5F1E17CD01C400066E6E /* SenTestingKit.framework */; };
		6D9D5F2017CD01C400066E6E /* UIKit.framework in Frameworks */ = {isa = PBXBuildFile; fileRef = 6D4D89A317C12168009D079E /* UIKit.framework */; };
		6D9D5F2117CD01C400066E6E /* Foundation.framework in Frameworks */ = {isa = PBXBuildFile; fileRef = 6D4D89A517C12168009D079E /* Foundation.framework */; };
		6D9D5F2717CD01C400066E6E /* InfoPlist.strings in Resources */ = {isa = PBXBuildFile; fileRef = 6D9D5F2517CD01C400066E6E /* InfoPlist.strings */; };
		6D9D5F2A17CD01C400066E6E /* CardGameTests.m in Sources */ = {isa = PBXBuildFile; fileRef = 6D9D5F2917CD01C400066E6E /* CardGameTests.m */; };
		6DC7501B17CD0D2E0039EEE5 /* PlayingCardTests.m in Sources */ = {isa = PBXBuildFile; fileRef = 6DC7501A17CD0D2E0039EEE5 /* PlayingCardTests.m */; };
		6DD1796B17D22CB400FE7AC3 /* SetGameViewController.m in Sources */ = {isa = PBXBuildFile; fileRef = 6DD1796A17D22CB400FE7AC3 /* SetGameViewController.m */; };
/* End PBXBuildFile section */

/* Begin PBXFileReference section */
		6D00D7FB17D0F2F7009DDE24 /* TabBarViewController.h */ = {isa = PBXFileReference; fileEncoding = 4; lastKnownFileType = sourcecode.c.h; path = TabBarViewController.h; sourceTree = "<group>"; };
		6D00D7FC17D0F2F7009DDE24 /* TabBarViewController.m */ = {isa = PBXFileReference; fileEncoding = 4; lastKnownFileType = sourcecode.c.objc; path = TabBarViewController.m; sourceTree = "<group>"; };
		6D00D7FE17D0F384009DDE24 /* GameResultViewController.h */ = {isa = PBXFileReference; fileEncoding = 4; lastKnownFileType = sourcecode.c.h; path = GameResultViewController.h; sourceTree = "<group>"; };
		6D00D7FF17D0F384009DDE24 /* GameResultViewController.m */ = {isa = PBXFileReference; fileEncoding = 4; lastKnownFileType = sourcecode.c.objc; path = GameResultViewController.m; sourceTree = "<group>"; };
		6D00D80117D1F7A4009DDE24 /* Heart.png */ = {isa = PBXFileReference; lastKnownFileType = image.png; path = Heart.png; sourceTree = "<group>"; };
		6D00D80217D1F7A4009DDE24 /* Score.png */ = {isa = PBXFileReference; lastKnownFileType = image.png; path = Score.png; sourceTree = "<group>"; };
		6D4D89A017C12168009D079E /* Matchismo.app */ = {isa = PBXFileReference; explicitFileType = wrapper.application; includeInIndex = 0; path = Matchismo.app; sourceTree = BUILT_PRODUCTS_DIR; };
		6D4D89A317C12168009D079E /* UIKit.framework */ = {isa = PBXFileReference; lastKnownFileType = wrapper.framework; name = UIKit.framework; path = System/Library/Frameworks/UIKit.framework; sourceTree = SDKROOT; };
		6D4D89A517C12168009D079E /* Foundation.framework */ = {isa = PBXFileReference; lastKnownFileType = wrapper.framework; name = Foundation.framework; path = System/Library/Frameworks/Foundation.framework; sourceTree = SDKROOT; };
		6D4D89A717C12168009D079E /* CoreGraphics.framework */ = {isa = PBXFileReference; lastKnownFileType = wrapper.framework; name = CoreGraphics.framework; path = System/Library/Frameworks/CoreGraphics.framework; sourceTree = SDKROOT; };
		6D4D89AB17C12168009D079E /* Matchismo-Info.plist */ = {isa = PBXFileReference; lastKnownFileType = text.plist.xml; path = "Matchismo-Info.plist"; sourceTree = "<group>"; };
		6D4D89AD17C12168009D079E /* en */ = {isa = PBXFileReference; lastKnownFileType = text.plist.strings; name = en; path = en.lproj/InfoPlist.strings; sourceTree = "<group>"; };
		6D4D89AF17C12168009D079E /* main.m */ = {isa = PBXFileReference; lastKnownFileType = sourcecode.c.objc; path = main.m; sourceTree = "<group>"; };
		6D4D89B117C12168009D079E /* Matchismo-Prefix.pch */ = {isa = PBXFileReference; lastKnownFileType = sourcecode.c.h; path = "Matchismo-Prefix.pch"; sourceTree = "<group>"; };
		6D4D89B217C12168009D079E /* CardGameAppDelegate.h */ = {isa = PBXFileReference; lastKnownFileType = sourcecode.c.h; path = CardGameAppDelegate.h; sourceTree = "<group>"; };
		6D4D89B317C12168009D079E /* CardGameAppDelegate.m */ = {isa = PBXFileReference; lastKnownFileType = sourcecode.c.objc; path = CardGameAppDelegate.m; sourceTree = "<group>"; };
		6D4D89B517C12168009D079E /* Default.png */ = {isa = PBXFileReference; lastKnownFileType = image.png; path = Default.png; sourceTree = "<group>"; };
		6D4D89B717C12168009D079E /* Default@2x.png */ = {isa = PBXFileReference; lastKnownFileType = image.png; path = "Default@2x.png"; sourceTree = "<group>"; };
		6D4D89B917C12168009D079E /* Default-568h@2x.png */ = {isa = PBXFileReference; lastKnownFileType = image.png; path = "Default-568h@2x.png"; sourceTree = "<group>"; };
		6D4D89BC17C12168009D079E /* en */ = {isa = PBXFileReference; lastKnownFileType = file.storyboard; name = en; path = en.lproj/MainStoryboard.storyboard; sourceTree = "<group>"; };
		6D4D89BE17C12168009D079E /* PokerMatchCardGameViewController.h */ = {isa = PBXFileReference; lastKnownFileType = sourcecode.c.h; path = PokerMatchCardGameViewController.h; sourceTree = "<group>"; };
		6D4D89BF17C12168009D079E /* PokerMatchCardGameViewController.m */ = {isa = PBXFileReference; lastKnownFileType = sourcecode.c.objc; path = PokerMatchCardGameViewController.m; sourceTree = "<group>"; };
		6D6238D717D259A400E3CB56 /* SetCard.h */ = {isa = PBXFileReference; fileEncoding = 4; lastKnownFileType = sourcecode.c.h; name = SetCard.h; path = Model/SetCard.h; sourceTree = "<group>"; };
		6D6238D817D259A400E3CB56 /* SetCard.m */ = {isa = PBXFileReference; fileEncoding = 4; lastKnownFileType = sourcecode.c.objc; name = SetCard.m; path = Model/SetCard.m; sourceTree = "<group>"; };
		6D6238DA17D25A5800E3CB56 /* SetCardDeck.h */ = {isa = PBXFileReference; fileEncoding = 4; lastKnownFileType = sourcecode.c.h; name = SetCardDeck.h; path = Model/SetCardDeck.h; sourceTree = "<group>"; };
		6D6238DB17D25A5800E3CB56 /* SetCardDeck.m */ = {isa = PBXFileReference; fileEncoding = 4; lastKnownFileType = sourcecode.c.objc; name = SetCardDeck.m; path = Model/SetCardDeck.m; sourceTree = "<group>"; };
		6D6FD18017D1FE3F004415E9 /* GameResult.h */ = {isa = PBXFileReference; fileEncoding = 4; lastKnownFileType = sourcecode.c.h; path = GameResult.h; sourceTree = "<group>"; };
		6D6FD18117D1FE3F004415E9 /* GameResult.m */ = {isa = PBXFileReference; fileEncoding = 4; lastKnownFileType = sourcecode.c.objc; path = GameResult.m; sourceTree = "<group>"; };
		6D9D5EE817C8D92300066E6E /* Deck.h */ = {isa = PBXFileReference; fileEncoding = 4; lastKnownFileType = sourcecode.c.h; name = Deck.h; path = Model/Deck.h; sourceTree = "<group>"; };
		6D9D5EE917C8D92300066E6E /* Deck.m */ = {isa = PBXFileReference; fileEncoding = 4; lastKnownFileType = sourcecode.c.objc; name = Deck.m; path = Model/Deck.m; sourceTree = "<group>"; };
		6D9D5EF017C8E9B200066E6E /* Card.h */ = {isa = PBXFileReference; fileEncoding = 4; lastKnownFileType = sourcecode.c.h; name = Card.h; path = Model/Card.h; sourceTree = "<group>"; };
		6D9D5EF117C8E9B200066E6E /* Card.m */ = {isa = PBXFileReference; fileEncoding = 4; lastKnownFileType = sourcecode.c.objc; name = Card.m; path = Model/Card.m; sourceTree = "<group>"; };
		6D9D5EF317C8ED3C00066E6E /* PlayingCard.h */ = {isa = PBXFileReference; fileEncoding = 4; lastKnownFileType = sourcecode.c.h; name = PlayingCard.h; path = Model/PlayingCard.h; sourceTree = "<group>"; };
		6D9D5EF417C8ED3C00066E6E /* PlayingCard.m */ = {isa = PBXFileReference; fileEncoding = 4; lastKnownFileType = sourcecode.c.objc; name = PlayingCard.m; path = Model/PlayingCard.m; sourceTree = "<group>"; };
		6D9D5EF617C8F0D700066E6E /* PlayingCardDeck.h */ = {isa = PBXFileReference; fileEncoding = 4; lastKnownFileType = sourcecode.c.h; name = PlayingCardDeck.h; path = Model/PlayingCardDeck.h; sourceTree = "<group>"; };
		6D9D5EF717C8F0D700066E6E /* PlayingCardDeck.m */ = {isa = PBXFileReference; fileEncoding = 4; lastKnownFileType = sourcecode.c.objc; name = PlayingCardDeck.m; path = Model/PlayingCardDeck.m; sourceTree = "<group>"; };
		6D9D5EF917C9030500066E6E /* PokerMatchCardGame.h */ = {isa = PBXFileReference; fileEncoding = 4; lastKnownFileType = sourcecode.c.h; name = PokerMatchCardGame.h; path = Model/PokerMatchCardGame.h; sourceTree = "<group>"; };
		6D9D5EFA17C9030500066E6E /* PokerMatchCardGame.m */ = {isa = PBXFileReference; fileEncoding = 4; lastKnownFileType = sourcecode.c.objc; name = PokerMatchCardGame.m; path = Model/PokerMatchCardGame.m; sourceTree = "<group>"; };
		6D9D5F1617CA77CB00066E6E /* cardback.jpg */ = {isa = PBXFileReference; lastKnownFileType = image.jpeg; name = cardback.jpg; path = ../../../../Downloads/cardback.jpg; sourceTree = "<group>"; };
		6D9D5F1D17CD01C400066E6E /* MatchismoTests.octest */ = {isa = PBXFileReference; explicitFileType = wrapper.cfbundle; includeInIndex = 0; path = MatchismoTests.octest; sourceTree = BUILT_PRODUCTS_DIR; };
		6D9D5F1E17CD01C400066E6E /* SenTestingKit.framework */ = {isa = PBXFileReference; lastKnownFileType = wrapper.framework; name = SenTestingKit.framework; path = Library/Frameworks/SenTestingKit.framework; sourceTree = DEVELOPER_DIR; };
		6D9D5F2417CD01C400066E6E /* MatchismoTests-Info.plist */ = {isa = PBXFileReference; lastKnownFileType = text.plist.xml; path = "MatchismoTests-Info.plist"; sourceTree = "<group>"; };
		6D9D5F2617CD01C400066E6E /* en */ = {isa = PBXFileReference; lastKnownFileType = text.plist.strings; name = en; path = en.lproj/InfoPlist.strings; sourceTree = "<group>"; };
		6D9D5F2817CD01C400066E6E /* CardGameTests.h */ = {isa = PBXFileReference; lastKnownFileType = sourcecode.c.h; path = CardGameTests.h; sourceTree = "<group>"; };
		6D9D5F2917CD01C400066E6E /* CardGameTests.m */ = {isa = PBXFileReference; lastKnownFileType = sourcecode.c.objc; path = CardGameTests.m; sourceTree = "<group>"; };
		6D9D5F2B17CD01C400066E6E /* MatchismoTests-Prefix.pch */ = {isa = PBXFileReference; lastKnownFileType = sourcecode.c.h; path = "MatchismoTests-Prefix.pch"; sourceTree = "<group>"; };
		6DC7501917CD0D2E0039EEE5 /* PlayingCardTests.h */ = {isa = PBXFileReference; fileEncoding = 4; lastKnownFileType = sourcecode.c.h; path = PlayingCardTests.h; sourceTree = "<group>"; };
		6DC7501A17CD0D2E0039EEE5 /* PlayingCardTests.m */ = {isa = PBXFileReference; fileEncoding = 4; lastKnownFileType = sourcecode.c.objc; path = PlayingCardTests.m; sourceTree = "<group>"; };
		6DD1796917D22CB400FE7AC3 /* SetGameViewController.h */ = {isa = PBXFileReference; fileEncoding = 4; lastKnownFileType = sourcecode.c.h; path = SetGameViewController.h; sourceTree = "<group>"; };
		6DD1796A17D22CB400FE7AC3 /* SetGameViewController.m */ = {isa = PBXFileReference; fileEncoding = 4; lastKnownFileType = sourcecode.c.objc; path = SetGameViewController.m; sourceTree = "<group>"; };
/* End PBXFileReference section */

/* Begin PBXFrameworksBuildPhase section */
		6D4D899D17C12168009D079E /* Frameworks */ = {
			isa = PBXFrameworksBuildPhase;
			buildActionMask = 2147483647;
			files = (
				6D4D89A417C12168009D079E /* UIKit.framework in Frameworks */,
				6D4D89A617C12168009D079E /* Foundation.framework in Frameworks */,
				6D4D89A817C12168009D079E /* CoreGraphics.framework in Frameworks */,
			);
			runOnlyForDeploymentPostprocessing = 0;
		};
		6D9D5F1917CD01C300066E6E /* Frameworks */ = {
			isa = PBXFrameworksBuildPhase;
			buildActionMask = 2147483647;
			files = (
				6D9D5F1F17CD01C400066E6E /* SenTestingKit.framework in Frameworks */,
				6D9D5F2017CD01C400066E6E /* UIKit.framework in Frameworks */,
				6D9D5F2117CD01C400066E6E /* Foundation.framework in Frameworks */,
			);
			runOnlyForDeploymentPostprocessing = 0;
		};
/* End PBXFrameworksBuildPhase section */

/* Begin PBXGroup section */
		6D4D899717C12168009D079E = {
			isa = PBXGroup;
			children = (
				6D4D89A917C12168009D079E /* Matchismo */,
				6D9D5F2217CD01C400066E6E /* MatchismoTests */,
				6D4D89A217C12168009D079E /* Frameworks */,
				6D4D89A117C12168009D079E /* Products */,
			);
			sourceTree = "<group>";
		};
		6D4D89A117C12168009D079E /* Products */ = {
			isa = PBXGroup;
			children = (
				6D4D89A017C12168009D079E /* Matchismo.app */,
				6D9D5F1D17CD01C400066E6E /* MatchismoTests.octest */,
			);
			name = Products;
			sourceTree = "<group>";
		};
		6D4D89A217C12168009D079E /* Frameworks */ = {
			isa = PBXGroup;
			children = (
				6D4D89A317C12168009D079E /* UIKit.framework */,
				6D4D89A517C12168009D079E /* Foundation.framework */,
				6D4D89A717C12168009D079E /* CoreGraphics.framework */,
				6D9D5F1E17CD01C400066E6E /* SenTestingKit.framework */,
			);
			name = Frameworks;
			sourceTree = "<group>";
		};
		6D4D89A917C12168009D079E /* Matchismo */ = {
			isa = PBXGroup;
			children = (
				6D4D89BB17C12168009D079E /* MainStoryboard.storyboard */,
				6DD1796917D22CB400FE7AC3 /* SetGameViewController.h */,
				6DD1796A17D22CB400FE7AC3 /* SetGameViewController.m */,
				6D6FD18017D1FE3F004415E9 /* GameResult.h */,
				6D6FD18117D1FE3F004415E9 /* GameResult.m */,
				6D00D7FB17D0F2F7009DDE24 /* TabBarViewController.h */,
				6D00D7FC17D0F2F7009DDE24 /* TabBarViewController.m */,
				6D00D7FE17D0F384009DDE24 /* GameResultViewController.h */,
				6D00D7FF17D0F384009DDE24 /* GameResultViewController.m */,
				6D4D89BE17C12168009D079E /* PokerMatchCardGameViewController.h */,
				6D4D89BF17C12168009D079E /* PokerMatchCardGameViewController.m */,
				6D9D5EEC17C8D96900066E6E /* Model */,
				6D4D89AA17C12168009D079E /* Supporting Files */,
			);
			path = Matchismo;
			sourceTree = "<group>";
		};
		6D4D89AA17C12168009D079E /* Supporting Files */ = {
			isa = PBXGroup;
			children = (
				6D00D80117D1F7A4009DDE24 /* Heart.png */,
				6D00D80217D1F7A4009DDE24 /* Score.png */,
				6D9D5F1617CA77CB00066E6E /* cardback.jpg */,
				6D4D89B217C12168009D079E /* CardGameAppDelegate.h */,
				6D4D89B317C12168009D079E /* CardGameAppDelegate.m */,
				6D4D89AB17C12168009D079E /* Matchismo-Info.plist */,
				6D4D89AC17C12168009D079E /* InfoPlist.strings */,
				6D4D89AF17C12168009D079E /* main.m */,
				6D4D89B117C12168009D079E /* Matchismo-Prefix.pch */,
				6D4D89B517C12168009D079E /* Default.png */,
				6D4D89B717C12168009D079E /* Default@2x.png */,
				6D4D89B917C12168009D079E /* Default-568h@2x.png */,
			);
			name = "Supporting Files";
			sourceTree = "<group>";
		};
		6D9D5EEC17C8D96900066E6E /* Model */ = {
			isa = PBXGroup;
			children = (
				6D9D5EF017C8E9B200066E6E /* Card.h */,
				6D9D5EF117C8E9B200066E6E /* Card.m */,
				6D9D5EE817C8D92300066E6E /* Deck.h */,
				6D9D5EE917C8D92300066E6E /* Deck.m */,
				6D6238D717D259A400E3CB56 /* SetCard.h */,
				6D6238D817D259A400E3CB56 /* SetCard.m */,
				6D6238DA17D25A5800E3CB56 /* SetCardDeck.h */,
				6D6238DB17D25A5800E3CB56 /* SetCardDeck.m */,
				6D9D5EF917C9030500066E6E /* PokerMatchCardGame.h */,
				6D9D5EFA17C9030500066E6E /* PokerMatchCardGame.m */,
				6D9D5EF617C8F0D700066E6E /* PlayingCardDeck.h */,
				6D9D5EF717C8F0D700066E6E /* PlayingCardDeck.m */,
				6D9D5EF317C8ED3C00066E6E /* PlayingCard.h */,
				6D9D5EF417C8ED3C00066E6E /* PlayingCard.m */,
			);
			name = Model;
			sourceTree = "<group>";
		};
		6D9D5F2217CD01C400066E6E /* MatchismoTests */ = {
			isa = PBXGroup;
			children = (
				6D9D5F2817CD01C400066E6E /* CardGameTests.h */,
				6D9D5F2917CD01C400066E6E /* CardGameTests.m */,
				6D9D5F2317CD01C400066E6E /* Supporting Files */,
				6DC7501917CD0D2E0039EEE5 /* PlayingCardTests.h */,
				6DC7501A17CD0D2E0039EEE5 /* PlayingCardTests.m */,
			);
			path = MatchismoTests;
			sourceTree = "<group>";
		};
		6D9D5F2317CD01C400066E6E /* Supporting Files */ = {
			isa = PBXGroup;
			children = (
				6D9D5F2417CD01C400066E6E /* MatchismoTests-Info.plist */,
				6D9D5F2517CD01C400066E6E /* InfoPlist.strings */,
				6D9D5F2B17CD01C400066E6E /* MatchismoTests-Prefix.pch */,
			);
			name = "Supporting Files";
			sourceTree = "<group>";
		};
/* End PBXGroup section */

/* Begin PBXNativeTarget section */
		6D4D899F17C12168009D079E /* Matchismo */ = {
			isa = PBXNativeTarget;
			buildConfigurationList = 6D4D89C317C12168009D079E /* Build configuration list for PBXNativeTarget "Matchismo" */;
			buildPhases = (
				6D4D899C17C12168009D079E /* Sources */,
				6D4D899D17C12168009D079E /* Frameworks */,
				6D4D899E17C12168009D079E /* Resources */,
			);
			buildRules = (
			);
			dependencies = (
			);
			name = Matchismo;
			productName = Matchismo;
			productReference = 6D4D89A017C12168009D079E /* Matchismo.app */;
			productType = "com.apple.product-type.application";
		};
		6D9D5F1C17CD01C300066E6E /* MatchismoTests */ = {
			isa = PBXNativeTarget;
			buildConfigurationList = 6D9D5F2C17CD01C400066E6E /* Build configuration list for PBXNativeTarget "MatchismoTests" */;
			buildPhases = (
				6D9D5F1817CD01C300066E6E /* Sources */,
				6D9D5F1917CD01C300066E6E /* Frameworks */,
				6D9D5F1A17CD01C300066E6E /* Resources */,
				6D9D5F1B17CD01C300066E6E /* ShellScript */,
			);
			buildRules = (
			);
			dependencies = (
			);
			name = MatchismoTests;
			productName = MatchismoTests;
			productReference = 6D9D5F1D17CD01C400066E6E /* MatchismoTests.octest */;
			productType = "com.apple.product-type.bundle";
		};
/* End PBXNativeTarget section */

/* Begin PBXProject section */
		6D4D899817C12168009D079E /* Project object */ = {
			isa = PBXProject;
			attributes = {
				CLASSPREFIX = CardGame;
				LastUpgradeCheck = 0460;
				ORGANIZATIONNAME = "Zarick's Lab";
			};
			buildConfigurationList = 6D4D899B17C12168009D079E /* Build configuration list for PBXProject "Matchismo" */;
			compatibilityVersion = "Xcode 3.2";
			developmentRegion = English;
			hasScannedForEncodings = 0;
			knownRegions = (
				en,
			);
			mainGroup = 6D4D899717C12168009D079E;
			productRefGroup = 6D4D89A117C12168009D079E /* Products */;
			projectDirPath = "";
			projectRoot = "";
			targets = (
				6D4D899F17C12168009D079E /* Matchismo */,
				6D9D5F1C17CD01C300066E6E /* MatchismoTests */,
			);
		};
/* End PBXProject section */

/* Begin PBXResourcesBuildPhase section */
		6D4D899E17C12168009D079E /* Resources */ = {
			isa = PBXResourcesBuildPhase;
			buildActionMask = 2147483647;
			files = (
				6D4D89AE17C12168009D079E /* InfoPlist.strings in Resources */,
				6D4D89B617C12168009D079E /* Default.png in Resources */,
				6D4D89B817C12168009D079E /* Default@2x.png in Resources */,
				6D4D89BA17C12168009D079E /* Default-568h@2x.png in Resources */,
				6D4D89BD17C12168009D079E /* MainStoryboard.storyboard in Resources */,
				6D9D5F1717CA77CB00066E6E /* cardback.jpg in Resources */,
				6D00D80317D1F7A4009DDE24 /* Heart.png in Resources */,
				6D00D80417D1F7A4009DDE24 /* Score.png in Resources */,
			);
			runOnlyForDeploymentPostprocessing = 0;
		};
		6D9D5F1A17CD01C300066E6E /* Resources */ = {
			isa = PBXResourcesBuildPhase;
			buildActionMask = 2147483647;
			files = (
				6D9D5F2717CD01C400066E6E /* InfoPlist.strings in Resources */,
			);
			runOnlyForDeploymentPostprocessing = 0;
		};
/* End PBXResourcesBuildPhase section */

/* Begin PBXShellScriptBuildPhase section */
		6D9D5F1B17CD01C300066E6E /* ShellScript */ = {
			isa = PBXShellScriptBuildPhase;
			buildActionMask = 2147483647;
			files = (
			);
			inputPaths = (
			);
			outputPaths = (
			);
			runOnlyForDeploymentPostprocessing = 0;
			shellPath = /bin/sh;
			shellScript = "# Run the unit tests in this test bundle.\n\"${SYSTEM_DEVELOPER_DIR}/Tools/RunUnitTests\"\n";
		};
/* End PBXShellScriptBuildPhase section */

/* Begin PBXSourcesBuildPhase section */
		6D4D899C17C12168009D079E /* Sources */ = {
			isa = PBXSourcesBuildPhase;
			buildActionMask = 2147483647;
			files = (
				6D4D89B017C12168009D079E /* main.m in Sources */,
				6D4D89B417C12168009D079E /* CardGameAppDelegate.m in Sources */,
				6D4D89C017C12168009D079E /* PokerMatchCardGameViewController.m in Sources */,
				6D9D5EEA17C8D92300066E6E /* Deck.m in Sources */,
				6D9D5EF217C8E9B200066E6E /* Card.m in Sources */,
				6D9D5EF517C8ED3C00066E6E /* PlayingCard.m in Sources */,
				6D9D5EF817C8F0D700066E6E /* PlayingCardDeck.m in Sources */,
				6D9D5EFB17C9030500066E6E /* PokerMatchCardGame.m in Sources */,
				6D00D7FD17D0F2F7009DDE24 /* TabBarViewController.m in Sources */,
				6D00D80017D0F384009DDE24 /* GameResultViewController.m in Sources */,
				6D6FD18217D1FE3F004415E9 /* GameResult.m in Sources */,
				6DD1796B17D22CB400FE7AC3 /* SetGameViewController.m in Sources */,
				6D6238D917D259A400E3CB56 /* SetCard.m in Sources */,
				6D6238DC17D25A5800E3CB56 /* SetCardDeck.m in Sources */,
			);
			runOnlyForDeploymentPostprocessing = 0;
		};
		6D9D5F1817CD01C300066E6E /* Sources */ = {
			isa = PBXSourcesBuildPhase;
			buildActionMask = 2147483647;
			files = (
				6D9D5F2A17CD01C400066E6E /* CardGameTests.m in Sources */,
				6DC7501B17CD0D2E0039EEE5 /* PlayingCardTests.m in Sources */,
			);
			runOnlyForDeploymentPostprocessing = 0;
		};
/* End PBXSourcesBuildPhase section */

/* Begin PBXVariantGroup section */
		6D4D89AC17C12168009D079E /* InfoPlist.strings */ = {
			isa = PBXVariantGroup;
			children = (
				6D4D89AD17C12168009D079E /* en */,
			);
			name = InfoPlist.strings;
			sourceTree = "<group>";
		};
		6D4D89BB17C12168009D079E /* MainStoryboard.storyboard */ = {
			isa = PBXVariantGroup;
			children = (
				6D4D89BC17C12168009D079E /* en */,
			);
			name = MainStoryboard.storyboard;
			sourceTree = "<group>";
		};
		6D9D5F2517CD01C400066E6E /* InfoPlist.strings */ = {
			isa = PBXVariantGroup;
			children = (
				6D9D5F2617CD01C400066E6E /* en */,
			);
			name = InfoPlist.strings;
			sourceTree = "<group>";
		};
/* End PBXVariantGroup section */

/* Begin XCBuildConfiguration section */
		6D4D89C117C12168009D079E /* Debug */ = {
			isa = XCBuildConfiguration;
			buildSettings = {
				ALWAYS_SEARCH_USER_PATHS = NO;
				BUNDLE_LOADER = "";
				CLANG_CXX_LANGUAGE_STANDARD = "gnu++0x";
				CLANG_CXX_LIBRARY = "libc++";
				CLANG_ENABLE_OBJC_ARC = YES;
				CLANG_WARN_CONSTANT_CONVERSION = YES;
				CLANG_WARN_EMPTY_BODY = YES;
				CLANG_WARN_ENUM_CONVERSION = YES;
				CLANG_WARN_INT_CONVERSION = YES;
				CLANG_WARN__DUPLICATE_METHOD_MATCH = YES;
				"CODE_SIGN_IDENTITY[sdk=iphoneos*]" = "iPhone Developer";
				COPY_PHASE_STRIP = NO;
				GCC_C_LANGUAGE_STANDARD = gnu99;
				GCC_DYNAMIC_NO_PIC = NO;
				GCC_OPTIMIZATION_LEVEL = 0;
				GCC_PREPROCESSOR_DEFINITIONS = (
					"DEBUG=1",
					"$(inherited)",
				);
				GCC_SYMBOLS_PRIVATE_EXTERN = NO;
				GCC_WARN_ABOUT_RETURN_TYPE = YES;
				GCC_WARN_UNINITIALIZED_AUTOS = YES;
				GCC_WARN_UNUSED_VARIABLE = YES;
				IPHONEOS_DEPLOYMENT_TARGET = 6.1;
				ONLY_ACTIVE_ARCH = YES;
				SDKROOT = iphoneos;
			};
			name = Debug;
		};
		6D4D89C217C12168009D079E /* Release */ = {
			isa = XCBuildConfiguration;
			buildSettings = {
				ALWAYS_SEARCH_USER_PATHS = NO;
				CLANG_CXX_LANGUAGE_STANDARD = "gnu++0x";
				CLANG_CXX_LIBRARY = "libc++";
				CLANG_ENABLE_OBJC_ARC = YES;
				CLANG_WARN_CONSTANT_CONVERSION = YES;
				CLANG_WARN_EMPTY_BODY = YES;
				CLANG_WARN_ENUM_CONVERSION = YES;
				CLANG_WARN_INT_CONVERSION = YES;
				CLANG_WARN__DUPLICATE_METHOD_MATCH = YES;
				"CODE_SIGN_IDENTITY[sdk=iphoneos*]" = "iPhone Developer";
				COPY_PHASE_STRIP = YES;
				GCC_C_LANGUAGE_STANDARD = gnu99;
				GCC_WARN_ABOUT_RETURN_TYPE = YES;
				GCC_WARN_UNINITIALIZED_AUTOS = YES;
				GCC_WARN_UNUSED_VARIABLE = YES;
				IPHONEOS_DEPLOYMENT_TARGET = 6.1;
				OTHER_CFLAGS = "-DNS_BLOCK_ASSERTIONS=1";
				SDKROOT = iphoneos;
				VALIDATE_PRODUCT = YES;
			};
			name = Release;
		};
		6D4D89C417C12168009D079E /* Debug */ = {
			isa = XCBuildConfiguration;
			buildSettings = {
				GCC_PRECOMPILE_PREFIX_HEADER = YES;
				GCC_PREFIX_HEADER = "Matchismo/Matchismo-Prefix.pch";
				INFOPLIST_FILE = "Matchismo/Matchismo-Info.plist";
				PRODUCT_NAME = "$(TARGET_NAME)";
				WRAPPER_EXTENSION = app;
			};
			name = Debug;
		};
		6D4D89C517C12168009D079E /* Release */ = {
			isa = XCBuildConfiguration;
			buildSettings = {
				GCC_PRECOMPILE_PREFIX_HEADER = YES;
				GCC_PREFIX_HEADER = "Matchismo/Matchismo-Prefix.pch";
				INFOPLIST_FILE = "Matchismo/Matchismo-Info.plist";
				PRODUCT_NAME = "$(TARGET_NAME)";
				WRAPPER_EXTENSION = app;
			};
			name = Release;
		};
		6D9D5F2D17CD01C400066E6E /* Debug */ = {
			isa = XCBuildConfiguration;
			buildSettings = {
				BUNDLE_LOADER = "$(BUILT_PRODUCTS_DIR)/Matchismo.app/Matchismo";
				FRAMEWORK_SEARCH_PATHS = (
					"\"$(SDKROOT)/Developer/Library/Frameworks\"",
					"\"$(DEVELOPER_LIBRARY_DIR)/Frameworks\"",
				);
				GCC_PRECOMPILE_PREFIX_HEADER = YES;
				GCC_PREFIX_HEADER = "MatchismoTests/MatchismoTests-Prefix.pch";
				INFOPLIST_FILE = "MatchismoTests/MatchismoTests-Info.plist";
				PRODUCT_NAME = "$(TARGET_NAME)";
				TEST_HOST = "$(BUNDLE_LOADER)";
				WRAPPER_EXTENSION = octest;
			};
			name = Debug;
		};
		6D9D5F2E17CD01C400066E6E /* Release */ = {
			isa = XCBuildConfiguration;
			buildSettings = {
				BUNDLE_LOADER = "$(BUILT_PRODUCTS_DIR)/Matchismo.app/Matchismo";
				FRAMEWORK_SEARCH_PATHS = (
					"\"$(SDKROOT)/Developer/Library/Frameworks\"",
					"\"$(DEVELOPER_LIBRARY_DIR)/Frameworks\"",
				);
				GCC_PRECOMPILE_PREFIX_HEADER = YES;
				GCC_PREFIX_HEADER = "MatchismoTests/MatchismoTests-Prefix.pch";
				INFOPLIST_FILE = "MatchismoTests/MatchismoTests-Info.plist";
				PRODUCT_NAME = "$(TARGET_NAME)";
				TEST_HOST = "$(BUNDLE_LOADER)";
				WRAPPER_EXTENSION = octest;
			};
			name = Release;
		};
/* End XCBuildConfiguration section */

/* Begin XCConfigurationList section */
		6D4D899B17C12168009D079E /* Build configuration list for PBXProject "Matchismo" */ = {
			isa = XCConfigurationList;
			buildConfigurations = (
				6D4D89C117C12168009D079E /* Debug */,
				6D4D89C217C12168009D079E /* Release */,
			);
			defaultConfigurationIsVisible = 0;
			defaultConfigurationName = Release;
		};
		6D4D89C317C12168009D079E /* Build configuration list for PBXNativeTarget "Matchismo" */ = {
			isa = XCConfigurationList;
			buildConfigurations = (
				6D4D89C417C12168009D079E /* Debug */,
				6D4D89C517C12168009D079E /* Release */,
			);
			defaultConfigurationIsVisible = 0;
			defaultConfigurationName = Release;
		};
		6D9D5F2C17CD01C400066E6E /* Build configuration list for PBXNativeTarget "MatchismoTests" */ = {
			isa = XCConfigurationList;
			buildConfigurations = (
				6D9D5F2D17CD01C400066E6E /* Debug */,
				6D9D5F2E17CD01C400066E6E /* Release */,
			);
			defaultConfigurationIsVisible = 0;
			defaultConfigurationName = Release;
		};
/* End XCConfigurationList section */
	};
	rootObject = 6D4D899817C12168009D079E /* Project object */;
}
